
Microsoft Visual Studio Solution File, Format Version 12.00
# Visual Studio 15
VisualStudioVersion = 15.0.27130.2026
MinimumVisualStudioVersion = 10.0.40219.1
Project("{FAE04EC0-301F-11D3-BF4B-00C04F79EFBC}") = "BachelorThesis.Android", "BachelorThesis\BachelorThesis.Android\BachelorThesis.Android.csproj", "{8AEC0116-B3F7-4A55-9A09-77F682CC5400}"
EndProject
Project("{FAE04EC0-301F-11D3-BF4B-00C04F79EFBC}") = "BachelorThesis.UWP", "BachelorThesis\BachelorThesis.UWP\BachelorThesis.UWP.csproj", "{54213F53-9E7A-4B48-ABF3-91DC3FFC606E}"
EndProject
Project("{9A19103F-16F7-4668-BE54-9A1E7A4F7556}") = "BachelorThesis", "BachelorThesis\BachelorThesis\BachelorThesis.csproj", "{9ECC6A4B-AA78-4D29-9A40-1AF8510959A5}"
EndProject
Project("{FAE04EC0-301F-11D3-BF4B-00C04F79EFBC}") = "BachelorThesis.Tests", "BachelorThesis.Tests\BachelorThesis.Tests.csproj", "{2D5F14CD-8C30-41BC-8772-65C67AE448C4}"
EndProject
Global
	GlobalSection(SolutionConfigurationPlatforms) = preSolution
		Debug|Any CPU = Debug|Any CPU
		Debug|ARM = Debug|ARM
		Debug|x64 = Debug|x64
		Debug|x86 = Debug|x86
		Release|Any CPU = Release|Any CPU
		Release|ARM = Release|ARM
		Release|x64 = Release|x64
		Release|x86 = Release|x86
	EndGlobalSection
	GlobalSection(ProjectConfigurationPlatforms) = postSolution
		{8AEC0116-B3F7-4A55-9A09-77F682CC5400}.Debug|Any CPU.ActiveCfg = Debug|Any CPU
		{8AEC0116-B3F7-4A55-9A09-77F682CC5400}.Debug|Any CPU.Build.0 = Debug|Any CPU
		{8AEC0116-B3F7-4A55-9A09-77F682CC5400}.Debug|Any CPU.Deploy.0 = Debug|Any CPU
		{8AEC0116-B3F7-4A55-9A09-77F682CC5400}.Debug|ARM.ActiveCfg = Debug|Any CPU
		{8AEC0116-B3F7-4A55-9A09-77F682CC5400}.Debug|ARM.Build.0 = Debug|Any CPU
		{8AEC0116-B3F7-4A55-9A09-77F682CC5400}.Debug|ARM.Deploy.0 = Debug|Any CPU
		{8AEC0116-B3F7-4A55-9A09-77F682CC5400}.Debug|x64.ActiveCfg = Debug|Any CPU
		{8AEC0116-B3F7-4A55-9A09-77F682CC5400}.Debug|x64.Build.0 = Debug|Any CPU
		{8AEC0116-B3F7-4A55-9A09-77F682CC5400}.Debug|x64.Deploy.0 = Debug|Any CPU
		{8AEC0116-B3F7-4A55-9A09-77F682CC5400}.Debug|x86.ActiveCfg = Debug|Any CPU
		{8AEC0116-B3F7-4A55-9A09-77F682CC5400}.Debug|x86.Build.0 = Debug|Any CPU
		{8AEC0116-B3F7-4A55-9A09-77F682CC5400}.Debug|x86.Deploy.0 = Debug|Any CPU
		{8AEC0116-B3F7-4A55-9A09-77F682CC5400}.Release|Any CPU.ActiveCfg = Release|Any CPU
		{8AEC0116-B3F7-4A55-9A09-77F682CC5400}.Release|Any CPU.Build.0 = Release|Any CPU
		{8AEC0116-B3F7-4A55-9A09-77F682CC5400}.Release|Any CPU.Deploy.0 = Release|Any CPU
		{8AEC0116-B3F7-4A55-9A09-77F682CC5400}.Release|ARM.ActiveCfg = Release|Any CPU
		{8AEC0116-B3F7-4A55-9A09-77F682CC5400}.Release|ARM.Build.0 = Release|Any CPU
		{8AEC0116-B3F7-4A55-9A09-77F682CC5400}.Release|ARM.Deploy.0 = Release|Any CPU
		{8AEC0116-B3F7-4A55-9A09-77F682CC5400}.Release|x64.ActiveCfg = Release|Any CPU
		{8AEC0116-B3F7-4A55-9A09-77F682CC5400}.Release|x64.Build.0 = Release|Any CPU
		{8AEC0116-B3F7-4A55-9A09-77F682CC5400}.Release|x64.Deploy.0 = Release|Any CPU
		{8AEC0116-B3F7-4A55-9A09-77F682CC5400}.Release|x86.ActiveCfg = Release|Any CPU
		{8AEC0116-B3F7-4A55-9A09-77F682CC5400}.Release|x86.Build.0 = Release|Any CPU
		{8AEC0116-B3F7-4A55-9A09-77F682CC5400}.Release|x86.Deploy.0 = Release|Any CPU
		{54213F53-9E7A-4B48-ABF3-91DC3FFC606E}.Debug|Any CPU.ActiveCfg = Debug|x86
		{54213F53-9E7A-4B48-ABF3-91DC3FFC606E}.Debug|ARM.ActiveCfg = Debug|ARM
		{54213F53-9E7A-4B48-ABF3-91DC3FFC606E}.Debug|ARM.Build.0 = Debug|ARM
		{54213F53-9E7A-4B48-ABF3-91DC3FFC606E}.Debug|ARM.Deploy.0 = Debug|ARM
		{54213F53-9E7A-4B48-ABF3-91DC3FFC606E}.Debug|x64.ActiveCfg = Debug|x64
		{54213F53-9E7A-4B48-ABF3-91DC3FFC606E}.Debug|x64.Build.0 = Debug|x64
		{54213F53-9E7A-4B48-ABF3-91DC3FFC606E}.Debug|x64.Deploy.0 = Debug|x64
		{54213F53-9E7A-4B48-ABF3-91DC3FFC606E}.Debug|x86.ActiveCfg = Debug|x86
		{54213F53-9E7A-4B48-ABF3-91DC3FFC606E}.Debug|x86.Build.0 = Debug|x86
		{54213F53-9E7A-4B48-ABF3-91DC3FFC606E}.Debug|x86.Deploy.0 = Debug|x86
		{54213F53-9E7A-4B48-ABF3-91DC3FFC606E}.Release|Any CPU.ActiveCfg = Release|x86
		{54213F53-9E7A-4B48-ABF3-91DC3FFC606E}.Release|ARM.ActiveCfg = Release|ARM
		{54213F53-9E7A-4B48-ABF3-91DC3FFC606E}.Release|ARM.Build.0 = Release|ARM
		{54213F53-9E7A-4B48-ABF3-91DC3FFC606E}.Release|ARM.Deploy.0 = Release|ARM
		{54213F53-9E7A-4B48-ABF3-91DC3FFC606E}.Release|x64.ActiveCfg = Release|x64
		{54213F53-9E7A-4B48-ABF3-91DC3FFC606E}.Release|x64.Build.0 = Release|x64
		{54213F53-9E7A-4B48-ABF3-91DC3FFC606E}.Release|x64.Deploy.0 = Release|x64
		{54213F53-9E7A-4B48-ABF3-91DC3FFC606E}.Release|x86.ActiveCfg = Release|x86
		{54213F53-9E7A-4B48-ABF3-91DC3FFC606E}.Release|x86.Build.0 = Release|x86
		{54213F53-9E7A-4B48-ABF3-91DC3FFC606E}.Release|x86.Deploy.0 = Release|x86
		{9ECC6A4B-AA78-4D29-9A40-1AF8510959A5}.Debug|Any CPU.ActiveCfg = Debug|Any CPU
		{9ECC6A4B-AA78-4D29-9A40-1AF8510959A5}.Debug|Any CPU.Build.0 = Debug|Any CPU
		{9ECC6A4B-AA78-4D29-9A40-1AF8510959A5}.Debug|ARM.ActiveCfg = Debug|Any CPU
		{9ECC6A4B-AA78-4D29-9A40-1AF8510959A5}.Debug|ARM.Build.0 = Debug|Any CPU
		{9ECC6A4B-AA78-4D29-9A40-1AF8510959A5}.Debug|x64.ActiveCfg = Debug|Any CPU
		{9ECC6A4B-AA78-4D29-9A40-1AF8510959A5}.Debug|x64.Build.0 = Debug|Any CPU
		{9ECC6A4B-AA78-4D29-9A40-1AF8510959A5}.Debug|x86.ActiveCfg = Debug|Any CPU
		{9ECC6A4B-AA78-4D29-9A40-1AF8510959A5}.Debug|x86.Build.0 = Debug|Any CPU
		{9ECC6A4B-AA78-4D29-9A40-1AF8510959A5}.Release|Any CPU.ActiveCfg = Release|Any CPU
		{9ECC6A4B-AA78-4D29-9A40-1AF8510959A5}.Release|Any CPU.Build.0 = Release|Any CPU
		{9ECC6A4B-AA78-4D29-9A40-1AF8510959A5}.Release|ARM.ActiveCfg = Release|Any CPU
		{9ECC6A4B-AA78-4D29-9A40-1AF8510959A5}.Release|ARM.Build.0 = Release|Any CPU
		{9ECC6A4B-AA78-4D29-9A40-1AF8510959A5}.Release|x64.ActiveCfg = Release|Any CPU
		{9ECC6A4B-AA78-4D29-9A40-1AF8510959A5}.Release|x64.Build.0 = Release|Any CPU
		{9ECC6A4B-AA78-4D29-9A40-1AF8510959A5}.Release|x86.ActiveCfg = Release|Any CPU
		{9ECC6A4B-AA78-4D29-9A40-1AF8510959A5}.Release|x86.Build.0 = Release|Any CPU
		{2D5F14CD-8C30-41BC-8772-65C67AE448C4}.Debug|Any CPU.ActiveCfg = Debug|Any CPU
		{2D5F14CD-8C30-41BC-8772-65C67AE448C4}.Debug|Any CPU.Build.0 = Debug|Any CPU
		{2D5F14CD-8C30-41BC-8772-65C67AE448C4}.Debug|ARM.ActiveCfg = Debug|Any CPU
		{2D5F14CD-8C30-41BC-8772-65C67AE448C4}.Debug|ARM.Build.0 = Debug|Any CPU
		{2D5F14CD-8C30-41BC-8772-65C67AE448C4}.Debug|x64.ActiveCfg = Debug|Any CPU
		{2D5F14CD-8C30-41BC-8772-65C67AE448C4}.Debug|x64.Build.0 = Debug|Any CPU
		{2D5F14CD-8C30-41BC-8772-65C67AE448C4}.Debug|x86.ActiveCfg = Debug|Any CPU
		{2D5F14CD-8C30-41BC-8772-65C67AE448C4}.Debug|x86.Build.0 = Debug|Any CPU
		{2D5F14CD-8C30-41BC-8772-65C67AE448C4}.Release|Any CPU.ActiveCfg = Release|Any CPU
		{2D5F14CD-8C30-41BC-8772-65C67AE448C4}.Release|Any CPU.Build.0 = Release|Any CPU
		{2D5F14CD-8C30-41BC-8772-65C67AE448C4}.Release|ARM.ActiveCfg = Release|Any CPU
		{2D5F14CD-8C30-41BC-8772-65C67AE448C4}.Release|ARM.Build.0 = Release|Any CPU
		{2D5F14CD-8C30-41BC-8772-65C67AE448C4}.Release|x64.ActiveCfg = Release|Any CPU
		{2D5F14CD-8C30-41BC-8772-65C67AE448C4}.Release|x64.Build.0 = Release|Any CPU
		{2D5F14CD-8C30-41BC-8772-65C67AE448C4}.Release|x86.ActiveCfg = Release|Any CPU
		{2D5F14CD-8C30-41BC-8772-65C67AE448C4}.Release|x86.Build.0 = Release|Any CPU
	EndGlobalSection
	GlobalSection(SolutionProperties) = preSolution
		HideSolutionNode = FALSE
	EndGlobalSection
	GlobalSection(ExtensibilityGlobals) = postSolution
		SolutionGuid = {B83BAE20-3A69-4DDA-90B4-021329F5883A}
	EndGlobalSection
EndGlobal
